<Solution>
  <Folder Name="/Solution Items/">
    <File Path=".editorconfig" />
    <File Path=".gitignore" />
    <File Path="Directory.Build.props" />
    <File Path="LICENSE" />
    <File Path="README.md" />
  </Folder>
  <Project Path="src/Tes4Parser.Testing/Tes4Parser.Testing.csproj" Id="4d61aa59-e01b-4729-89e7-3830fb0877c2" />
  <Project Path="src/Tes4Parser/Tes4Parser.csproj" Id="2ff5a0fd-c4f6-4bde-8788-8597c2bb2d12" />
</Solution>
